
Microsoft Visual Studio Solution File, Format Version 12.00
Project("{2150E333-8FDC-42A3-9474-1A3956D46DE8}") = "Array", "Array", "{8524891A-A219-4063-8C0A-4590BB29E958}"
EndProject
Project("{2150E333-8FDC-42A3-9474-1A3956D46DE8}") = "String", "String", "{522FE638-6886-482A-A620-BA3402070CA7}"
EndProject
Project("{2150E333-8FDC-42A3-9474-1A3956D46DE8}") = "HashTable", "HashTable", "{EA3F630A-DB3C-4049-AA9C-FBCE8F821918}"
EndProject
Project("{2150E333-8FDC-42A3-9474-1A3956D46DE8}") = "LinkedList", "LinkedList", "{810DC611-8C8D-4154-9EF4-9ADF2EB69E3F}"
EndProject
Project("{FAE04EC0-301F-11D3-BF4B-00C04F79EFBC}") = "MoveZeroes", "MoveZeroes\MoveZeroes.csproj", "{B1696D7E-19CF-49BF-8F3F-76B15028AAF7}"
EndProject
Project("{FAE04EC0-301F-11D3-BF4B-00C04F79EFBC}") = "MajorityElement", "MajorityElement\MajorityElement.csproj", "{0786C326-6872-42DF-A406-B103FE60E856}"
EndProject
Project("{FAE04EC0-301F-11D3-BF4B-00C04F79EFBC}") = "TwoSum", "TwoSum\TwoSum.csproj", "{B8AEB3DF-D7C5-44A5-BD08-185F37E1F983}"
EndProject
Project("{FAE04EC0-301F-11D3-BF4B-00C04F79EFBC}") = "SearchInsertPosition", "SearchInsertPosition\SearchInsertPosition.csproj", "{82A033B2-45B5-4621-8346-3E4F2AE3B01A}"
EndProject
Project("{FAE04EC0-301F-11D3-BF4B-00C04F79EFBC}") = "DailyTemperatures", "DailyTemperatures\DailyTemperatures.csproj", "{71B4272D-BCB0-4AE1-8DE1-408424D33C67}"
EndProject
Project("{FAE04EC0-301F-11D3-BF4B-00C04F79EFBC}") = "ValidParentheses", "ValidParentheses\ValidParentheses.csproj", "{5F4B1EAC-D448-4AF1-845A-AA0FACABE4CD}"
EndProject
Project("{FAE04EC0-301F-11D3-BF4B-00C04F79EFBC}") = "LongestPalindromicSubstring", "LongestPalindromicSubstring\LongestPalindromicSubstring.csproj", "{4E397C63-6AA3-41C0-8F1C-B431445BCDE0}"
EndProject
Project("{FAE04EC0-301F-11D3-BF4B-00C04F79EFBC}") = "BestTimeToBuyAndSellStock", "BestTimeToBuyAndSellStock\BestTimeToBuyAndSellStock.csproj", "{49081FD7-EACD-48EA-9789-B935661816D0}"
EndProject
Project("{FAE04EC0-301F-11D3-BF4B-00C04F79EFBC}") = "SingleNumber", "SingleNumber\SingleNumber.csproj", "{1D57B63C-1861-426F-9C7F-80ED446841A2}"
EndProject
Project("{FAE04EC0-301F-11D3-BF4B-00C04F79EFBC}") = "Permutations", "Permutations\Permutations.csproj", "{E8C14DB5-718D-4D1E-8387-60C8123525FC}"
EndProject
Project("{FAE04EC0-301F-11D3-BF4B-00C04F79EFBC}") = "Subsets", "Subsets\Subsets.csproj", "{0C9AA178-2D41-4CA0-8343-5DB5FB09CED7}"
EndProject
Project("{FAE04EC0-301F-11D3-BF4B-00C04F79EFBC}") = "ContainerWithMostWater", "ContainerWithMostWater\ContainerWithMostWater.csproj", "{CAD7C495-249B-421F-A98E-0E8EA97FCE67}"
EndProject
Project("{FAE04EC0-301F-11D3-BF4B-00C04F79EFBC}") = "ConstructBinaryTreeFromPreorderAndInorderTraversal", "ConstructBinaryTreeFromPreorderAndInorderTraversal\ConstructBinaryTreeFromPreorderAndInorderTraversal.csproj", "{D3876E59-3FCE-4D46-B207-60491B73B47C}"
EndProject
Project("{FAE04EC0-301F-11D3-BF4B-00C04F79EFBC}") = "PascalsTriangle", "PascalsTriangle\PascalsTriangle.csproj", "{EB887A63-25E4-4AE2-93EF-39A1884C96E5}"
EndProject
Project("{FAE04EC0-301F-11D3-BF4B-00C04F79EFBC}") = "LongestConsecutiveSequence", "LongestConsecutiveSequence\LongestConsecutiveSequence.csproj", "{5CD84A36-DF8F-43DB-8309-7116545B77BA}"
EndProject
Project("{FAE04EC0-301F-11D3-BF4B-00C04F79EFBC}") = "MinimumPathSum", "MinimumPathSum\MinimumPathSum.csproj", "{19C9455F-D57A-44F7-9797-9BD3B422BA64}"
EndProject
Project("{FAE04EC0-301F-11D3-BF4B-00C04F79EFBC}") = "WordSearch", "WordSearch\WordSearch.csproj", "{7B09A61A-4DCD-4A6B-B473-1A98F53BD21C}"
EndProject
Project("{FAE04EC0-301F-11D3-BF4B-00C04F79EFBC}") = "GroupAnagrams", "GroupAnagrams\GroupAnagrams.csproj", "{2E30BE22-3ABE-456A-BBC3-CDBA9A9679BA}"
EndProject
Project("{FAE04EC0-301F-11D3-BF4B-00C04F79EFBC}") = "WordBreak", "WordBreak\WordBreak.csproj", "{826532EA-2F78-4F94-BC07-0D4CDACCAC9D}"
EndProject
Global
	GlobalSection(SolutionConfigurationPlatforms) = preSolution
		Debug|Any CPU = Debug|Any CPU
		Release|Any CPU = Release|Any CPU
	EndGlobalSection
	GlobalSection(NestedProjects) = preSolution
		{B1696D7E-19CF-49BF-8F3F-76B15028AAF7} = {8524891A-A219-4063-8C0A-4590BB29E958}
		{0786C326-6872-42DF-A406-B103FE60E856} = {8524891A-A219-4063-8C0A-4590BB29E958}
		{B8AEB3DF-D7C5-44A5-BD08-185F37E1F983} = {8524891A-A219-4063-8C0A-4590BB29E958}
		{82A033B2-45B5-4621-8346-3E4F2AE3B01A} = {8524891A-A219-4063-8C0A-4590BB29E958}
		{71B4272D-BCB0-4AE1-8DE1-408424D33C67} = {8524891A-A219-4063-8C0A-4590BB29E958}
		{5F4B1EAC-D448-4AF1-845A-AA0FACABE4CD} = {522FE638-6886-482A-A620-BA3402070CA7}
		{4E397C63-6AA3-41C0-8F1C-B431445BCDE0} = {522FE638-6886-482A-A620-BA3402070CA7}
		{49081FD7-EACD-48EA-9789-B935661816D0} = {8524891A-A219-4063-8C0A-4590BB29E958}
		{1D57B63C-1861-426F-9C7F-80ED446841A2} = {8524891A-A219-4063-8C0A-4590BB29E958}
		{E8C14DB5-718D-4D1E-8387-60C8123525FC} = {8524891A-A219-4063-8C0A-4590BB29E958}
		{0C9AA178-2D41-4CA0-8343-5DB5FB09CED7} = {8524891A-A219-4063-8C0A-4590BB29E958}
		{CAD7C495-249B-421F-A98E-0E8EA97FCE67} = {8524891A-A219-4063-8C0A-4590BB29E958}
		{D3876E59-3FCE-4D46-B207-60491B73B47C} = {8524891A-A219-4063-8C0A-4590BB29E958}
		{EB887A63-25E4-4AE2-93EF-39A1884C96E5} = {8524891A-A219-4063-8C0A-4590BB29E958}
		{5CD84A36-DF8F-43DB-8309-7116545B77BA} = {8524891A-A219-4063-8C0A-4590BB29E958}
		{19C9455F-D57A-44F7-9797-9BD3B422BA64} = {8524891A-A219-4063-8C0A-4590BB29E958}
		{7B09A61A-4DCD-4A6B-B473-1A98F53BD21C} = {8524891A-A219-4063-8C0A-4590BB29E958}
		{2E30BE22-3ABE-456A-BBC3-CDBA9A9679BA} = {522FE638-6886-482A-A620-BA3402070CA7}
		{826532EA-2F78-4F94-BC07-0D4CDACCAC9D} = {522FE638-6886-482A-A620-BA3402070CA7}
	EndGlobalSection
	GlobalSection(ProjectConfigurationPlatforms) = postSolution
		{B1696D7E-19CF-49BF-8F3F-76B15028AAF7}.Debug|Any CPU.ActiveCfg = Debug|Any CPU
		{B1696D7E-19CF-49BF-8F3F-76B15028AAF7}.Debug|Any CPU.Build.0 = Debug|Any CPU
		{B1696D7E-19CF-49BF-8F3F-76B15028AAF7}.Release|Any CPU.ActiveCfg = Release|Any CPU
		{B1696D7E-19CF-49BF-8F3F-76B15028AAF7}.Release|Any CPU.Build.0 = Release|Any CPU
		{0786C326-6872-42DF-A406-B103FE60E856}.Debug|Any CPU.ActiveCfg = Debug|Any CPU
		{0786C326-6872-42DF-A406-B103FE60E856}.Debug|Any CPU.Build.0 = Debug|Any CPU
		{0786C326-6872-42DF-A406-B103FE60E856}.Release|Any CPU.ActiveCfg = Release|Any CPU
		{0786C326-6872-42DF-A406-B103FE60E856}.Release|Any CPU.Build.0 = Release|Any CPU
		{B8AEB3DF-D7C5-44A5-BD08-185F37E1F983}.Debug|Any CPU.ActiveCfg = Debug|Any CPU
		{B8AEB3DF-D7C5-44A5-BD08-185F37E1F983}.Debug|Any CPU.Build.0 = Debug|Any CPU
		{B8AEB3DF-D7C5-44A5-BD08-185F37E1F983}.Release|Any CPU.ActiveCfg = Release|Any CPU
		{B8AEB3DF-D7C5-44A5-BD08-185F37E1F983}.Release|Any CPU.Build.0 = Release|Any CPU
		{82A033B2-45B5-4621-8346-3E4F2AE3B01A}.Debug|Any CPU.ActiveCfg = Debug|Any CPU
		{82A033B2-45B5-4621-8346-3E4F2AE3B01A}.Debug|Any CPU.Build.0 = Debug|Any CPU
		{82A033B2-45B5-4621-8346-3E4F2AE3B01A}.Release|Any CPU.ActiveCfg = Release|Any CPU
		{82A033B2-45B5-4621-8346-3E4F2AE3B01A}.Release|Any CPU.Build.0 = Release|Any CPU
		{71B4272D-BCB0-4AE1-8DE1-408424D33C67}.Debug|Any CPU.ActiveCfg = Debug|Any CPU
		{71B4272D-BCB0-4AE1-8DE1-408424D33C67}.Debug|Any CPU.Build.0 = Debug|Any CPU
		{71B4272D-BCB0-4AE1-8DE1-408424D33C67}.Release|Any CPU.ActiveCfg = Release|Any CPU
		{71B4272D-BCB0-4AE1-8DE1-408424D33C67}.Release|Any CPU.Build.0 = Release|Any CPU
		{5F4B1EAC-D448-4AF1-845A-AA0FACABE4CD}.Debug|Any CPU.ActiveCfg = Debug|Any CPU
		{5F4B1EAC-D448-4AF1-845A-AA0FACABE4CD}.Debug|Any CPU.Build.0 = Debug|Any CPU
		{5F4B1EAC-D448-4AF1-845A-AA0FACABE4CD}.Release|Any CPU.ActiveCfg = Release|Any CPU
		{5F4B1EAC-D448-4AF1-845A-AA0FACABE4CD}.Release|Any CPU.Build.0 = Release|Any CPU
		{4E397C63-6AA3-41C0-8F1C-B431445BCDE0}.Debug|Any CPU.ActiveCfg = Debug|Any CPU
		{4E397C63-6AA3-41C0-8F1C-B431445BCDE0}.Debug|Any CPU.Build.0 = Debug|Any CPU
		{4E397C63-6AA3-41C0-8F1C-B431445BCDE0}.Release|Any CPU.ActiveCfg = Release|Any CPU
		{4E397C63-6AA3-41C0-8F1C-B431445BCDE0}.Release|Any CPU.Build.0 = Release|Any CPU
		{49081FD7-EACD-48EA-9789-B935661816D0}.Debug|Any CPU.ActiveCfg = Debug|Any CPU
		{49081FD7-EACD-48EA-9789-B935661816D0}.Debug|Any CPU.Build.0 = Debug|Any CPU
		{49081FD7-EACD-48EA-9789-B935661816D0}.Release|Any CPU.ActiveCfg = Release|Any CPU
		{49081FD7-EACD-48EA-9789-B935661816D0}.Release|Any CPU.Build.0 = Release|Any CPU
		{1D57B63C-1861-426F-9C7F-80ED446841A2}.Debug|Any CPU.ActiveCfg = Debug|Any CPU
		{1D57B63C-1861-426F-9C7F-80ED446841A2}.Debug|Any CPU.Build.0 = Debug|Any CPU
		{1D57B63C-1861-426F-9C7F-80ED446841A2}.Release|Any CPU.ActiveCfg = Release|Any CPU
		{1D57B63C-1861-426F-9C7F-80ED446841A2}.Release|Any CPU.Build.0 = Release|Any CPU
		{E8C14DB5-718D-4D1E-8387-60C8123525FC}.Debug|Any CPU.ActiveCfg = Debug|Any CPU
		{E8C14DB5-718D-4D1E-8387-60C8123525FC}.Debug|Any CPU.Build.0 = Debug|Any CPU
		{E8C14DB5-718D-4D1E-8387-60C8123525FC}.Release|Any CPU.ActiveCfg = Release|Any CPU
		{E8C14DB5-718D-4D1E-8387-60C8123525FC}.Release|Any CPU.Build.0 = Release|Any CPU
		{0C9AA178-2D41-4CA0-8343-5DB5FB09CED7}.Debug|Any CPU.ActiveCfg = Debug|Any CPU
		{0C9AA178-2D41-4CA0-8343-5DB5FB09CED7}.Debug|Any CPU.Build.0 = Debug|Any CPU
		{0C9AA178-2D41-4CA0-8343-5DB5FB09CED7}.Release|Any CPU.ActiveCfg = Release|Any CPU
		{0C9AA178-2D41-4CA0-8343-5DB5FB09CED7}.Release|Any CPU.Build.0 = Release|Any CPU
		{CAD7C495-249B-421F-A98E-0E8EA97FCE67}.Debug|Any CPU.ActiveCfg = Debug|Any CPU
		{CAD7C495-249B-421F-A98E-0E8EA97FCE67}.Debug|Any CPU.Build.0 = Debug|Any CPU
		{CAD7C495-249B-421F-A98E-0E8EA97FCE67}.Release|Any CPU.ActiveCfg = Release|Any CPU
		{CAD7C495-249B-421F-A98E-0E8EA97FCE67}.Release|Any CPU.Build.0 = Release|Any CPU
		{D3876E59-3FCE-4D46-B207-60491B73B47C}.Debug|Any CPU.ActiveCfg = Debug|Any CPU
		{D3876E59-3FCE-4D46-B207-60491B73B47C}.Debug|Any CPU.Build.0 = Debug|Any CPU
		{D3876E59-3FCE-4D46-B207-60491B73B47C}.Release|Any CPU.ActiveCfg = Release|Any CPU
		{D3876E59-3FCE-4D46-B207-60491B73B47C}.Release|Any CPU.Build.0 = Release|Any CPU
		{EB887A63-25E4-4AE2-93EF-39A1884C96E5}.Debug|Any CPU.ActiveCfg = Debug|Any CPU
		{EB887A63-25E4-4AE2-93EF-39A1884C96E5}.Debug|Any CPU.Build.0 = Debug|Any CPU
		{EB887A63-25E4-4AE2-93EF-39A1884C96E5}.Release|Any CPU.ActiveCfg = Release|Any CPU
		{EB887A63-25E4-4AE2-93EF-39A1884C96E5}.Release|Any CPU.Build.0 = Release|Any CPU
		{5CD84A36-DF8F-43DB-8309-7116545B77BA}.Debug|Any CPU.ActiveCfg = Debug|Any CPU
		{5CD84A36-DF8F-43DB-8309-7116545B77BA}.Debug|Any CPU.Build.0 = Debug|Any CPU
		{5CD84A36-DF8F-43DB-8309-7116545B77BA}.Release|Any CPU.ActiveCfg = Release|Any CPU
		{5CD84A36-DF8F-43DB-8309-7116545B77BA}.Release|Any CPU.Build.0 = Release|Any CPU
		{19C9455F-D57A-44F7-9797-9BD3B422BA64}.Debug|Any CPU.ActiveCfg = Debug|Any CPU
		{19C9455F-D57A-44F7-9797-9BD3B422BA64}.Debug|Any CPU.Build.0 = Debug|Any CPU
		{19C9455F-D57A-44F7-9797-9BD3B422BA64}.Release|Any CPU.ActiveCfg = Release|Any CPU
		{19C9455F-D57A-44F7-9797-9BD3B422BA64}.Release|Any CPU.Build.0 = Release|Any CPU
		{7B09A61A-4DCD-4A6B-B473-1A98F53BD21C}.Debug|Any CPU.ActiveCfg = Debug|Any CPU
		{7B09A61A-4DCD-4A6B-B473-1A98F53BD21C}.Debug|Any CPU.Build.0 = Debug|Any CPU
		{7B09A61A-4DCD-4A6B-B473-1A98F53BD21C}.Release|Any CPU.ActiveCfg = Release|Any CPU
		{7B09A61A-4DCD-4A6B-B473-1A98F53BD21C}.Release|Any CPU.Build.0 = Release|Any CPU
		{2E30BE22-3ABE-456A-BBC3-CDBA9A9679BA}.Debug|Any CPU.ActiveCfg = Debug|Any CPU
		{2E30BE22-3ABE-456A-BBC3-CDBA9A9679BA}.Debug|Any CPU.Build.0 = Debug|Any CPU
		{2E30BE22-3ABE-456A-BBC3-CDBA9A9679BA}.Release|Any CPU.ActiveCfg = Release|Any CPU
		{2E30BE22-3ABE-456A-BBC3-CDBA9A9679BA}.Release|Any CPU.Build.0 = Release|Any CPU
		{826532EA-2F78-4F94-BC07-0D4CDACCAC9D}.Debug|Any CPU.ActiveCfg = Debug|Any CPU
		{826532EA-2F78-4F94-BC07-0D4CDACCAC9D}.Debug|Any CPU.Build.0 = Debug|Any CPU
		{826532EA-2F78-4F94-BC07-0D4CDACCAC9D}.Release|Any CPU.ActiveCfg = Release|Any CPU
		{826532EA-2F78-4F94-BC07-0D4CDACCAC9D}.Release|Any CPU.Build.0 = Release|Any CPU
	EndGlobalSection
EndGlobal
